
Microsoft Visual Studio Solution File, Format Version 12.00
# Visual Studio Version 16
VisualStudioVersion = 16.0.29020.237
MinimumVisualStudioVersion = 10.0.40219.1
Project("{FAE04EC0-301F-11D3-BF4B-00C04F79EFBC}") = "Action Func", "Action Func\Action Func.csproj", "{2011A9E8-531D-4E69-B61E-5336CAF27964}"
EndProject
Global
	GlobalSection(SolutionConfigurationPlatforms) = preSolution
		Debug|Any CPU = Debug|Any CPU
		Release|Any CPU = Release|Any CPU
	EndGlobalSection
	GlobalSection(ProjectConfigurationPlatforms) = postSolution
		{2011A9E8-531D-4E69-B61E-5336CAF27964}.Debug|Any CPU.ActiveCfg = Debug|Any CPU
		{2011A9E8-531D-4E69-B61E-5336CAF27964}.Debug|Any CPU.Build.0 = Debug|Any CPU
		{2011A9E8-531D-4E69-B61E-5336CAF27964}.Release|Any CPU.ActiveCfg = Release|Any CPU
		{2011A9E8-531D-4E69-B61E-5336CAF27964}.Release|Any CPU.Build.0 = Release|Any CPU
	EndGlobalSection
	GlobalSection(SolutionProperties) = preSolution
		HideSolutionNode = FALSE
	EndGlobalSection
	GlobalSection(ExtensibilityGlobals) = postSolution
		SolutionGuid = {121A69E8-C4F0-4DB0-9272-AD9373C0CFDC}
	EndGlobalSection
EndGlobal
